// !$*UTF8*$!
{
	archiveVersion = 1;
	classes = {
	};
	objectVersion = 50;
	objects = {

/* Begin PBXBuildFile section */
		5764E2D3264439D60017A68C /* AppDelegate.swift in Sources */ = {isa = PBXBuildFile; fileRef = 5764E2D2264439D60017A68C /* AppDelegate.swift */; };
		5764E2D5264439D60017A68C /* SceneDelegate.swift in Sources */ = {isa = PBXBuildFile; fileRef = 5764E2D4264439D60017A68C /* SceneDelegate.swift */; };
		5764E2D7264439D60017A68C /* ViewController.swift in Sources */ = {isa = PBXBuildFile; fileRef = 5764E2D6264439D60017A68C /* ViewController.swift */; };
		5764E2DA264439D60017A68C /* Main.storyboard in Resources */ = {isa = PBXBuildFile; fileRef = 5764E2D8264439D60017A68C /* Main.storyboard */; };
		5764E2DC264439DA0017A68C /* Assets.xcassets in Resources */ = {isa = PBXBuildFile; fileRef = 5764E2DB264439DA0017A68C /* Assets.xcassets */; };
		5764E2DF264439DA0017A68C /* LaunchScreen.storyboard in Resources */ = {isa = PBXBuildFile; fileRef = 5764E2DD264439DA0017A68C /* LaunchScreen.storyboard */; };
		577F680C2644DEE600FDBEC5 /* jf-openhuninn-1.1.ttf in Resources */ = {isa = PBXBuildFile; fileRef = 577F680B2644DEE600FDBEC5 /* jf-openhuninn-1.1.ttf */; };
/* End PBXBuildFile section */

/* Begin PBXFileReference section */
		5764E2CF264439D60017A68C /* 兔兔擇主人條件.app */ = {isa = PBXFileReference; explicitFileType = wrapper.application; includeInIndex = 0; path = "兔兔擇主人條件.app"; sourceTree = BUILT_PRODUCTS_DIR; };
		5764E2D2264439D60017A68C /* AppDelegate.swift */ = {isa = PBXFileReference; lastKnownFileType = sourcecode.swift; path = AppDelegate.swift; sourceTree = "<group>"; };
		5764E2D4264439D60017A68C /* SceneDelegate.swift */ = {isa = PBXFileReference; lastKnownFileType = sourcecode.swift; path = SceneDelegate.swift; sourceTree = "<group>"; };
		5764E2D6264439D60017A68C /* ViewController.swift */ = {isa = PBXFileReference; lastKnownFileType = sourcecode.swift; path = ViewController.swift; sourceTree = "<group>"; };
		5764E2D9264439D60017A68C /* Base */ = {isa = PBXFileReference; lastKnownFileType = file.storyboard; name = Base; path = Base.lproj/Main.storyboard; sourceTree = "<group>"; };
		5764E2DB264439DA0017A68C /* Assets.xcassets */ = {isa = PBXFileReference; lastKnownFileType = folder.assetcatalog; path = Assets.xcassets; sourceTree = "<group>"; };
		5764E2DE264439DA0017A68C /* Base */ = {isa = PBXFileReference; lastKnownFileType = file.storyboard; name = Base; path = Base.lproj/LaunchScreen.storyboard; sourceTree = "<group>"; };
		5764E2E0264439DA0017A68C /* Info.plist */ = {isa = PBXFileReference; lastKnownFileType = text.plist.xml; path = Info.plist; sourceTree = "<group>"; };
		577F680B2644DEE600FDBEC5 /* jf-openhuninn-1.1.ttf */ = {isa = PBXFileReference; lastKnownFileType = file; path = "jf-openhuninn-1.1.ttf"; sourceTree = "<group>"; };
/* End PBXFileReference section */

/* Begin PBXFrameworksBuildPhase section */
		5764E2CC264439D60017A68C /* Frameworks */ = {
			isa = PBXFrameworksBuildPhase;
			buildActionMask = 2147483647;
			files = (
			);
			runOnlyForDeploymentPostprocessing = 0;
		};
/* End PBXFrameworksBuildPhase section */

/* Begin PBXGroup section */
		5764E2C6264439D60017A68C = {
			isa = PBXGroup;
			children = (
				5764E2D1264439D60017A68C /* 兔兔擇主人條件 */,
				5764E2D0264439D60017A68C /* Products */,
			);
			sourceTree = "<group>";
		};
		5764E2D0264439D60017A68C /* Products */ = {
			isa = PBXGroup;
			children = (
				5764E2CF264439D60017A68C /* 兔兔擇主人條件.app */,
			);
			name = Products;
			sourceTree = "<group>";
		};
		5764E2D1264439D60017A68C /* 兔兔擇主人條件 */ = {
			isa = PBXGroup;
			children = (
				577F680B2644DEE600FDBEC5 /* jf-openhuninn-1.1.ttf */,
				5764E2D2264439D60017A68C /* AppDelegate.swift */,
				5764E2D4264439D60017A68C /* SceneDelegate.swift */,
				5764E2D6264439D60017A68C /* ViewController.swift */,
				5764E2D8264439D60017A68C /* Main.storyboard */,
				5764E2DB264439DA0017A68C /* Assets.xcassets */,
				5764E2DD264439DA0017A68C /* LaunchScreen.storyboard */,
				5764E2E0264439DA0017A68C /* Info.plist */,
			);
			path = "兔兔擇主人條件";
			sourceTree = "<group>";
		};
/* End PBXGroup section */

/* Begin PBXNativeTarget section */
		5764E2CE264439D60017A68C /* 兔兔擇主人條件 */ = {
			isa = PBXNativeTarget;
			buildConfigurationList = 5764E2E3264439DA0017A68C /* Build configuration list for PBXNativeTarget "兔兔擇主人條件" */;
			buildPhases = (
				5764E2CB264439D60017A68C /* Sources */,
				5764E2CC264439D60017A68C /* Frameworks */,
				5764E2CD264439D60017A68C /* Resources */,
			);
			buildRules = (
			);
			dependencies = (
			);
			name = "兔兔擇主人條件";
			productName = "兔兔擇主人條件";
			productReference = 5764E2CF264439D60017A68C /* 兔兔擇主人條件.app */;
			productType = "com.apple.product-type.application";
		};
/* End PBXNativeTarget section */

/* Begin PBXProject section */
		5764E2C7264439D60017A68C /* Project object */ = {
			isa = PBXProject;
			attributes = {
				LastSwiftUpdateCheck = 1240;
				LastUpgradeCheck = 1240;
				TargetAttributes = {
					5764E2CE264439D60017A68C = {
						CreatedOnToolsVersion = 12.4;
					};
				};
			};
			buildConfigurationList = 5764E2CA264439D60017A68C /* Build configuration list for PBXProject "兔兔擇主人條件" */;
			compatibilityVersion = "Xcode 9.3";
			developmentRegion = en;
			hasScannedForEncodings = 0;
			knownRegions = (
				en,
				Base,
			);
			mainGroup = 5764E2C6264439D60017A68C;
			productRefGroup = 5764E2D0264439D60017A68C /* Products */;
			projectDirPath = "";
			projectRoot = "";
			targets = (
				5764E2CE264439D60017A68C /* 兔兔擇主人條件 */,
			);
		};
/* End PBXProject section */

/* Begin PBXResourcesBuildPhase section */
		5764E2CD264439D60017A68C /* Resources */ = {
			isa = PBXResourcesBuildPhase;
			buildActionMask = 2147483647;
			files = (
				5764E2DF264439DA0017A68C /* LaunchScreen.storyboard in Resources */,
				577F680C2644DEE600FDBEC5 /* jf-openhuninn-1.1.ttf in Resources */,
				5764E2DC264439DA0017A68C /* Assets.xcassets in Resources */,
				5764E2DA264439D60017A68C /* Main.storyboard in Resources */,
			);
			runOnlyForDeploymentPostprocessing = 0;
		};
/* End PBXResourcesBuildPhase section */

/* Begin PBXSourcesBuildPhase section */
		5764E2CB264439D60017A68C /* Sources */ = {
			isa = PBXSourcesBuildPhase;
			buildActionMask = 2147483647;
			files = (
				5764E2D7264439D60017A68C /* ViewController.swift in Sources */,
				5764E2D3264439D60017A68C /* AppDelegate.swift in Sources */,
				5764E2D5264439D60017A68C /* SceneDelegate.swift in Sources */,
			);
			runOnlyForDeploymentPostprocessing = 0;
		};
/* End PBXSourcesBuildPhase section */

/* Begin PBXVariantGroup section */
		5764E2D8264439D60017A68C /* Main.storyboard */ = {
			isa = PBXVariantGroup;
			children = (
				5764E2D9264439D60017A68C /* Base */,
			);
			name = Main.storyboard;
			sourceTree = "<group>";
		};
		5764E2DD264439DA0017A68C /* LaunchScreen.storyboard */ = {
			isa = PBXVariantGroup;
			children = (
				5764E2DE264439DA0017A68C /* Base */,
			);
			name = LaunchScreen.storyboard;
			sourceTree = "<group>";
		};
/* End PBXVariantGroup section */

/* Begin XCBuildConfiguration section */
		5764E2E1264439DA0017A68C /* Debug */ = {
			isa = XCBuildConfiguration;
			buildSettings = {
				ALWAYS_SEARCH_USER_PATHS = NO;
				CLANG_ANALYZER_NONNULL = YES;
				CLANG_ANALYZER_NUMBER_OBJECT_CONVERSION = YES_AGGRESSIVE;
				CLANG_CXX_LANGUAGE_STANDARD = "gnu++14";
				CLANG_CXX_LIBRARY = "libc++";
				CLANG_ENABLE_MODULES = YES;
				CLANG_ENABLE_OBJC_ARC = YES;
				CLANG_ENABLE_OBJC_WEAK = YES;
				CLANG_WARN_BLOCK_CAPTURE_AUTORELEASING = YES;
				CLANG_WARN_BOOL_CONVERSION = YES;
				CLANG_WARN_COMMA = YES;
				CLANG_WARN_CONSTANT_CONVERSION = YES;
				CLANG_WARN_DEPRECATED_OBJC_IMPLEMENTATIONS = YES;
				CLANG_WARN_DIRECT_OBJC_ISA_USAGE = YES_ERROR;
				CLANG_WARN_DOCUMENTATION_COMMENTS = YES;
				CLANG_WARN_EMPTY_BODY = YES;
				CLANG_WARN_ENUM_CONVERSION = YES;
				CLANG_WARN_INFINITE_RECURSION = YES;
				CLANG_WARN_INT_CONVERSION = YES;
				CLANG_WARN_NON_LITERAL_NULL_CONVERSION = YES;
				CLANG_WARN_OBJC_IMPLICIT_RETAIN_SELF = YES;
				CLANG_WARN_OBJC_LITERAL_CONVERSION = YES;
				CLANG_WARN_OBJC_ROOT_CLASS = YES_ERROR;
				CLANG_WARN_QUOTED_INCLUDE_IN_FRAMEWORK_HEADER = YES;
				CLANG_WARN_RANGE_LOOP_ANALYSIS = YES;
				CLANG_WARN_STRICT_PROTOTYPES = YES;
				CLANG_WARN_SUSPICIOUS_MOVE = YES;
				CLANG_WARN_UNGUARDED_AVAILABILITY = YES_AGGRESSIVE;
				CLANG_WARN_UNREACHABLE_CODE = YES;
				CLANG_WARN__DUPLICATE_METHOD_MATCH = YES;
				COPY_PHASE_STRIP = NO;
				DEBUG_INFORMATION_FORMAT = dwarf;
				ENABLE_STRICT_OBJC_MSGSEND = YES;
				ENABLE_TESTABILITY = YES;
				GCC_C_LANGUAGE_STANDARD = gnu11;
				GCC_DYNAMIC_NO_PIC = NO;
				GCC_NO_COMMON_BLOCKS = YES;
				GCC_OPTIMIZATION_LEVEL = 0;
				GCC_PREPROCESSOR_DEFINITIONS = (
					"DEBUG=1",
					"$(inherited)",
				);
				GCC_WARN_64_TO_32_BIT_CONVERSION = YES;
				GCC_WARN_ABOUT_RETURN_TYPE = YES_ERROR;
				GCC_WARN_UNDECLARED_SELECTOR = YES;
				GCC_WARN_UNINITIALIZED_AUTOS = YES_AGGRESSIVE;
				GCC_WARN_UNUSED_FUNCTION = YES;
				GCC_WARN_UNUSED_VARIABLE = YES;
				IPHONEOS_DEPLOYMENT_TARGET = 14.4;
				MTL_ENABLE_DEBUG_INFO = INCLUDE_SOURCE;
				MTL_FAST_MATH = YES;
				ONLY_ACTIVE_ARCH = YES;
				SDKROOT = iphoneos;
				SWIFT_ACTIVE_COMPILATION_CONDITIONS = DEBUG;
				SWIFT_OPTIMIZATION_LEVEL = "-Onone";
			};
			name = Debug;
		};
		5764E2E2264439DA0017A68C /* Release */ = {
			isa = XCBuildConfiguration;
			buildSettings = {
				ALWAYS_SEARCH_USER_PATHS = NO;
				CLANG_ANALYZER_NONNULL = YES;
				CLANG_ANALYZER_NUMBER_OBJECT_CONVERSION = YES_AGGRESSIVE;
				CLANG_CXX_LANGUAGE_STANDARD = "gnu++14";
				CLANG_CXX_LIBRARY = "libc++";
				CLANG_ENABLE_MODULES = YES;
				CLANG_ENABLE_OBJC_ARC = YES;
				CLANG_ENABLE_OBJC_WEAK = YES;
				CLANG_WARN_BLOCK_CAPTURE_AUTORELEASING = YES;
				CLANG_WARN_BOOL_CONVERSION = YES;
				CLANG_WARN_COMMA = YES;
				CLANG_WARN_CONSTANT_CONVERSION = YES;
				CLANG_WARN_DEPRECATED_OBJC_IMPLEMENTATIONS = YES;
				CLANG_WARN_DIRECT_OBJC_ISA_USAGE = YES_ERROR;
				CLANG_WARN_DOCUMENTATION_COMMENTS = YES;
				CLANG_WARN_EMPTY_BODY = YES;
				CLANG_WARN_ENUM_CONVERSION = YES;
				CLANG_WARN_INFINITE_RECURSION = YES;
				CLANG_WARN_INT_CONVERSION = YES;
				CLANG_WARN_NON_LITERAL_NULL_CONVERSION = YES;
				CLANG_WARN_OBJC_IMPLICIT_RETAIN_SELF = YES;
				CLANG_WARN_OBJC_LITERAL_CONVERSION = YES;
				CLANG_WARN_OBJC_ROOT_CLASS = YES_ERROR;
				CLANG_WARN_QUOTED_INCLUDE_IN_FRAMEWORK_HEADER = YES;
				CLANG_WARN_RANGE_LOOP_ANALYSIS = YES;
				CLANG_WARN_STRICT_PROTOTYPES = YES;
				CLANG_WARN_SUSPICIOUS_MOVE = YES;
				CLANG_WARN_UNGUARDED_AVAILABILITY = YES_AGGRESSIVE;
				CLANG_WARN_UNREACHABLE_CODE = YES;
				CLANG_WARN__DUPLICATE_METHOD_MATCH = YES;
				COPY_PHASE_STRIP = NO;
				DEBUG_INFORMATION_FORMAT = "dwarf-with-dsym";
				ENABLE_NS_ASSERTIONS = NO;
				ENABLE_STRICT_OBJC_MSGSEND = YES;
				GCC_C_LANGUAGE_STANDARD = gnu11;
				GCC_NO_COMMON_BLOCKS = YES;
				GCC_WARN_64_TO_32_BIT_CONVERSION = YES;
				GCC_WARN_ABOUT_RETURN_TYPE = YES_ERROR;
				GCC_WARN_UNDECLARED_SELECTOR = YES;
				GCC_WARN_UNINITIALIZED_AUTOS = YES_AGGRESSIVE;
				GCC_WARN_UNUSED_FUNCTION = YES;
				GCC_WARN_UNUSED_VARIABLE = YES;
				IPHONEOS_DEPLOYMENT_TARGET = 14.4;
				MTL_ENABLE_DEBUG_INFO = NO;
				MTL_FAST_MATH = YES;
				SDKROOT = iphoneos;
				SWIFT_COMPILATION_MODE = wholemodule;
				SWIFT_OPTIMIZATION_LEVEL = "-O";
				VALIDATE_PRODUCT = YES;
			};
			name = Release;
		};
		5764E2E4264439DA0017A68C /* Debug */ = {
			isa = XCBuildConfiguration;
			buildSettings = {
				ASSETCATALOG_COMPILER_APPICON_NAME = AppIcon;
				ASSETCATALOG_COMPILER_GLOBAL_ACCENT_COLOR_NAME = AccentColor;
				CODE_SIGN_STYLE = Automatic;
				DEVELOPMENT_TEAM = VHP373PJVM;
				INFOPLIST_FILE = "兔兔擇主人條件/Info.plist";
				LD_RUNPATH_SEARCH_PATHS = (
					"$(inherited)",
					"@executable_path/Frameworks",
				);
				PRODUCT_BUNDLE_IDENTIFIER = "com.Andeline.-------";
				PRODUCT_NAME = "$(TARGET_NAME)";
				SWIFT_VERSION = 5.0;
				TARGETED_DEVICE_FAMILY = "1,2";
			};
			name = Debug;
		};
		5764E2E5264439DA0017A68C /* Release */ = {
			isa = XCBuildConfiguration;
			buildSettings = {
				ASSETCATALOG_COMPILER_APPICON_NAME = AppIcon;
				ASSETCATALOG_COMPILER_GLOBAL_ACCENT_COLOR_NAME = AccentColor;
				CODE_SIGN_STYLE = Automatic;
				DEVELOPMENT_TEAM = VHP373PJVM;
				INFOPLIST_FILE = "兔兔擇主人條件/Info.plist";
				LD_RUNPATH_SEARCH_PATHS = (
					"$(inherited)",
					"@executable_path/Frameworks",
				);
				PRODUCT_BUNDLE_IDENTIFIER = "com.Andeline.-------";
				PRODUCT_NAME = "$(TARGET_NAME)";
				SWIFT_VERSION = 5.0;
				TARGETED_DEVICE_FAMILY = "1,2";
			};
			name = Release;
		};
/* End XCBuildConfiguration section */

/* Begin XCConfigurationList section */
		5764E2CA264439D60017A68C /* Build configuration list for PBXProject "兔兔擇主人條件" */ = {
			isa = XCConfigurationList;
			buildConfigurations = (
				5764E2E1264439DA0017A68C /* Debug */,
				5764E2E2264439DA0017A68C /* Release */,
			);
			defaultConfigurationIsVisible = 0;
			defaultConfigurationName = Release;
		};
		5764E2E3264439DA0017A68C /* Build configuration list for PBXNativeTarget "兔兔擇主人條件" */ = {
			isa = XCConfigurationList;
			buildConfigurations = (
				5764E2E4264439DA0017A68C /* Debug */,
				5764E2E5264439DA0017A68C /* Release */,
			);
			defaultConfigurationIsVisible = 0;
			defaultConfigurationName = Release;
		};
/* End XCConfigurationList section */
	};
	rootObject = 5764E2C7264439D60017A68C /* Project object */;
}
